// !$*UTF8*$!
{
	archiveVersion = 1;
	classes = {
	};
	objectVersion = 46;
	objects = {

/* Begin PBXBuildFile section */
		08A34E7C1A0755E200B38D19 /* AppDelegate.swift in Sources */ = {isa = PBXBuildFile; fileRef = 08A34E7B1A0755E200B38D19 /* AppDelegate.swift */; };
		08A34E7E1A0755E200B38D19 /* ViewController.swift in Sources */ = {isa = PBXBuildFile; fileRef = 08A34E7D1A0755E200B38D19 /* ViewController.swift */; };
		08A34E811A0755E200B38D19 /* Main.storyboard in Resources */ = {isa = PBXBuildFile; fileRef = 08A34E7F1A0755E200B38D19 /* Main.storyboard */; };
		08A34E831A0755E200B38D19 /* Images.xcassets in Resources */ = {isa = PBXBuildFile; fileRef = 08A34E821A0755E200B38D19 /* Images.xcassets */; };
		08A34E861A0755E200B38D19 /* LaunchScreen.xib in Resources */ = {isa = PBXBuildFile; fileRef = 08A34E841A0755E200B38D19 /* LaunchScreen.xib */; };
		08A34E921A0755E200B38D19 /* JZUIViewExTests.swift in Sources */ = {isa = PBXBuildFile; fileRef = 08A34E911A0755E200B38D19 /* JZUIViewExTests.swift */; };
		08A34E9E1A07569500B38D19 /* JZRootViewController.swift in Sources */ = {isa = PBXBuildFile; fileRef = 08A34E9B1A07569500B38D19 /* JZRootViewController.swift */; };
		08A34E9F1A07569500B38D19 /* JZSecondViewController.swift in Sources */ = {isa = PBXBuildFile; fileRef = 08A34E9C1A07569500B38D19 /* JZSecondViewController.swift */; };
		08A34EA01A07569500B38D19 /* JZThirdViewController.swift in Sources */ = {isa = PBXBuildFile; fileRef = 08A34E9D1A07569500B38D19 /* JZThirdViewController.swift */; };
		08A34EA41A0757B400B38D19 /* icon_settings@2x.png in Resources */ = {isa = PBXBuildFile; fileRef = 08A34EA31A0757B400B38D19 /* icon_settings@2x.png */; };
		08A34EA61A0757BF00B38D19 /* globe@2x.png in Resources */ = {isa = PBXBuildFile; fileRef = 08A34EA51A0757BF00B38D19 /* globe@2x.png */; };
		08A34EA81A0757C800B38D19 /* obsess_icon_selected@2x.png in Resources */ = {isa = PBXBuildFile; fileRef = 08A34EA71A0757C800B38D19 /* obsess_icon_selected@2x.png */; };
/* End PBXBuildFile section */

/* Begin PBXContainerItemProxy section */
		08A34E8C1A0755E200B38D19 /* PBXContainerItemProxy */ = {
			isa = PBXContainerItemProxy;
			containerPortal = 08A34E6E1A0755E200B38D19 /* Project object */;
			proxyType = 1;
			remoteGlobalIDString = 08A34E751A0755E200B38D19;
			remoteInfo = JZUIViewEx;
		};
/* End PBXContainerItemProxy section */

/* Begin PBXFileReference section */
		08A34E761A0755E200B38D19 /* JZUIViewEx.app */ = {isa = PBXFileReference; explicitFileType = wrapper.application; includeInIndex = 0; path = JZUIViewEx.app; sourceTree = BUILT_PRODUCTS_DIR; };
		08A34E7A1A0755E200B38D19 /* Info.plist */ = {isa = PBXFileReference; lastKnownFileType = text.plist.xml; path = Info.plist; sourceTree = "<group>"; };
		08A34E7B1A0755E200B38D19 /* AppDelegate.swift */ = {isa = PBXFileReference; lastKnownFileType = sourcecode.swift; path = AppDelegate.swift; sourceTree = "<group>"; };
		08A34E7D1A0755E200B38D19 /* ViewController.swift */ = {isa = PBXFileReference; lastKnownFileType = sourcecode.swift; path = ViewController.swift; sourceTree = "<group>"; };
		08A34E801A0755E200B38D19 /* Base */ = {isa = PBXFileReference; lastKnownFileType = file.storyboard; name = Base; path = Base.lproj/Main.storyboard; sourceTree = "<group>"; };
		08A34E821A0755E200B38D19 /* Images.xcassets */ = {isa = PBXFileReference; lastKnownFileType = folder.assetcatalog; path = Images.xcassets; sourceTree = "<group>"; };
		08A34E851A0755E200B38D19 /* Base */ = {isa = PBXFileReference; lastKnownFileType = file.xib; name = Base; path = Base.lproj/LaunchScreen.xib; sourceTree = "<group>"; };
		08A34E8B1A0755E200B38D19 /* JZUIViewExTests.xctest */ = {isa = PBXFileReference; explicitFileType = wrapper.cfbundle; includeInIndex = 0; path = JZUIViewExTests.xctest; sourceTree = BUILT_PRODUCTS_DIR; };
		08A34E901A0755E200B38D19 /* Info.plist */ = {isa = PBXFileReference; lastKnownFileType = text.plist.xml; path = Info.plist; sourceTree = "<group>"; };
		08A34E911A0755E200B38D19 /* JZUIViewExTests.swift */ = {isa = PBXFileReference; lastKnownFileType = sourcecode.swift; path = JZUIViewExTests.swift; sourceTree = "<group>"; };
		08A34E9B1A07569500B38D19 /* JZRootViewController.swift */ = {isa = PBXFileReference; fileEncoding = 4; lastKnownFileType = sourcecode.swift; path = JZRootViewController.swift; sourceTree = "<group>"; };
		08A34E9C1A07569500B38D19 /* JZSecondViewController.swift */ = {isa = PBXFileReference; fileEncoding = 4; lastKnownFileType = sourcecode.swift; path = JZSecondViewController.swift; sourceTree = "<group>"; };
		08A34E9D1A07569500B38D19 /* JZThirdViewController.swift */ = {isa = PBXFileReference; fileEncoding = 4; lastKnownFileType = sourcecode.swift; path = JZThirdViewController.swift; sourceTree = "<group>"; };
		08A34EA31A0757B400B38D19 /* icon_settings@2x.png */ = {isa = PBXFileReference; lastKnownFileType = image.png; path = "icon_settings@2x.png"; sourceTree = "<group>"; };
		08A34EA51A0757BF00B38D19 /* globe@2x.png */ = {isa = PBXFileReference; lastKnownFileType = image.png; path = "globe@2x.png"; sourceTree = "<group>"; };
		08A34EA71A0757C800B38D19 /* obsess_icon_selected@2x.png */ = {isa = PBXFileReference; lastKnownFileType = image.png; path = "obsess_icon_selected@2x.png"; sourceTree = "<group>"; };
/* End PBXFileReference section */

/* Begin PBXFrameworksBuildPhase section */
		08A34E731A0755E200B38D19 /* Frameworks */ = {
			isa = PBXFrameworksBuildPhase;
			buildActionMask = 2147483647;
			files = (
			);
			runOnlyForDeploymentPostprocessing = 0;
		};
		08A34E881A0755E200B38D19 /* Frameworks */ = {
			isa = PBXFrameworksBuildPhase;
			buildActionMask = 2147483647;
			files = (
			);
			runOnlyForDeploymentPostprocessing = 0;
		};
/* End PBXFrameworksBuildPhase section */

/* Begin PBXGroup section */
		08A34E6D1A0755E200B38D19 = {
			isa = PBXGroup;
			children = (
				08A34E781A0755E200B38D19 /* JZUIViewEx */,
				08A34E8E1A0755E200B38D19 /* JZUIViewExTests */,
				08A34E771A0755E200B38D19 /* Products */,
			);
			sourceTree = "<group>";
		};
		08A34E771A0755E200B38D19 /* Products */ = {
			isa = PBXGroup;
			children = (
				08A34E761A0755E200B38D19 /* JZUIViewEx.app */,
				08A34E8B1A0755E200B38D19 /* JZUIViewExTests.xctest */,
			);
			name = Products;
			sourceTree = "<group>";
		};
		08A34E781A0755E200B38D19 /* JZUIViewEx */ = {
			isa = PBXGroup;
			children = (
				08A34EA11A07579900B38D19 /* Resource */,
				08A34E7B1A0755E200B38D19 /* AppDelegate.swift */,
				08A34E7D1A0755E200B38D19 /* ViewController.swift */,
				08A34E7F1A0755E200B38D19 /* Main.storyboard */,
				08A34E821A0755E200B38D19 /* Images.xcassets */,
				08A34E9B1A07569500B38D19 /* JZRootViewController.swift */,
				08A34E9C1A07569500B38D19 /* JZSecondViewController.swift */,
				08A34E9D1A07569500B38D19 /* JZThirdViewController.swift */,
				08A34E841A0755E200B38D19 /* LaunchScreen.xib */,
				08A34E791A0755E200B38D19 /* Supporting Files */,
			);
			path = JZUIViewEx;
			sourceTree = "<group>";
		};
		08A34E791A0755E200B38D19 /* Supporting Files */ = {
			isa = PBXGroup;
			children = (
				08A34E7A1A0755E200B38D19 /* Info.plist */,
			);
			name = "Supporting Files";
			sourceTree = "<group>";
		};
		08A34E8E1A0755E200B38D19 /* JZUIViewExTests */ = {
			isa = PBXGroup;
			children = (
				08A34E911A0755E200B38D19 /* JZUIViewExTests.swift */,
				08A34E8F1A0755E200B38D19 /* Supporting Files */,
			);
			path = JZUIViewExTests;
			sourceTree = "<group>";
		};
		08A34E8F1A0755E200B38D19 /* Supporting Files */ = {
			isa = PBXGroup;
			children = (
				08A34E901A0755E200B38D19 /* Info.plist */,
			);
			name = "Supporting Files";
			sourceTree = "<group>";
		};
		08A34EA11A07579900B38D19 /* Resource */ = {
			isa = PBXGroup;
			children = (
				08A34EA21A0757A300B38D19 /* Images */,
			);
			name = Resource;
			sourceTree = "<group>";
		};
		08A34EA21A0757A300B38D19 /* Images */ = {
			isa = PBXGroup;
			children = (
				08A34EA71A0757C800B38D19 /* obsess_icon_selected@2x.png */,
				08A34EA31A0757B400B38D19 /* icon_settings@2x.png */,
				08A34EA51A0757BF00B38D19 /* globe@2x.png */,
			);
			name = Images;
			sourceTree = "<group>";
		};
/* End PBXGroup section */

/* Begin PBXNativeTarget section */
		08A34E751A0755E200B38D19 /* JZUIViewEx */ = {
			isa = PBXNativeTarget;
			buildConfigurationList = 08A34E951A0755E200B38D19 /* Build configuration list for PBXNativeTarget "JZUIViewEx" */;
			buildPhases = (
				08A34E721A0755E200B38D19 /* Sources */,
				08A34E731A0755E200B38D19 /* Frameworks */,
				08A34E741A0755E200B38D19 /* Resources */,
			);
			buildRules = (
			);
			dependencies = (
			);
			name = JZUIViewEx;
			productName = JZUIViewEx;
			productReference = 08A34E761A0755E200B38D19 /* JZUIViewEx.app */;
			productType = "com.apple.product-type.application";
		};
		08A34E8A1A0755E200B38D19 /* JZUIViewExTests */ = {
			isa = PBXNativeTarget;
			buildConfigurationList = 08A34E981A0755E200B38D19 /* Build configuration list for PBXNativeTarget "JZUIViewExTests" */;
			buildPhases = (
				08A34E871A0755E200B38D19 /* Sources */,
				08A34E881A0755E200B38D19 /* Frameworks */,
				08A34E891A0755E200B38D19 /* Resources */,
			);
			buildRules = (
			);
			dependencies = (
				08A34E8D1A0755E200B38D19 /* PBXTargetDependency */,
			);
			name = JZUIViewExTests;
			productName = JZUIViewExTests;
			productReference = 08A34E8B1A0755E200B38D19 /* JZUIViewExTests.xctest */;
			productType = "com.apple.product-type.bundle.unit-test";
		};
/* End PBXNativeTarget section */

/* Begin PBXProject section */
		08A34E6E1A0755E200B38D19 /* Project object */ = {
			isa = PBXProject;
			attributes = {
				LastUpgradeCheck = 0610;
				ORGANIZATIONNAME = "Jihong Zhang";
				TargetAttributes = {
					08A34E751A0755E200B38D19 = {
						CreatedOnToolsVersion = 6.1;
					};
					08A34E8A1A0755E200B38D19 = {
						CreatedOnToolsVersion = 6.1;
						TestTargetID = 08A34E751A0755E200B38D19;
					};
				};
			};
			buildConfigurationList = 08A34E711A0755E200B38D19 /* Build configuration list for PBXProject "JZUIViewEx" */;
			compatibilityVersion = "Xcode 3.2";
			developmentRegion = English;
			hasScannedForEncodings = 0;
			knownRegions = (
				en,
				Base,
			);
			mainGroup = 08A34E6D1A0755E200B38D19;
			productRefGroup = 08A34E771A0755E200B38D19 /* Products */;
			projectDirPath = "";
			projectRoot = "";
			targets = (
				08A34E751A0755E200B38D19 /* JZUIViewEx */,
				08A34E8A1A0755E200B38D19 /* JZUIViewExTests */,
			);
		};
/* End PBXProject section */

/* Begin PBXResourcesBuildPhase section */
		08A34E741A0755E200B38D19 /* Resources */ = {
			isa = PBXResourcesBuildPhase;
			buildActionMask = 2147483647;
			files = (
				08A34E811A0755E200B38D19 /* Main.storyboard in Resources */,
				08A34E861A0755E200B38D19 /* LaunchScreen.xib in Resources */,
				08A34EA61A0757BF00B38D19 /* globe@2x.png in Resources */,
				08A34EA41A0757B400B38D19 /* icon_settings@2x.png in Resources */,
				08A34E831A0755E200B38D19 /* Images.xcassets in Resources */,
				08A34EA81A0757C800B38D19 /* obsess_icon_selected@2x.png in Resources */,
			);
			runOnlyForDeploymentPostprocessing = 0;
		};
		08A34E891A0755E200B38D19 /* Resources */ = {
			isa = PBXResourcesBuildPhase;
			buildActionMask = 2147483647;
			files = (
			);
			runOnlyForDeploymentPostprocessing = 0;
		};
/* End PBXResourcesBuildPhase section */

/* Begin PBXSourcesBuildPhase section */
		08A34E721A0755E200B38D19 /* Sources */ = {
			isa = PBXSourcesBuildPhase;
			buildActionMask = 2147483647;
			files = (
				08A34E9E1A07569500B38D19 /* JZRootViewController.swift in Sources */,
				08A34E7E1A0755E200B38D19 /* ViewController.swift in Sources */,
				08A34E9F1A07569500B38D19 /* JZSecondViewController.swift in Sources */,
				08A34E7C1A0755E200B38D19 /* AppDelegate.swift in Sources */,
				08A34EA01A07569500B38D19 /* JZThirdViewController.swift in Sources */,
			);
			runOnlyForDeploymentPostprocessing = 0;
		};
		08A34E871A0755E200B38D19 /* Sources */ = {
			isa = PBXSourcesBuildPhase;
			buildActionMask = 2147483647;
			files = (
				08A34E921A0755E200B38D19 /* JZUIViewExTests.swift in Sources */,
			);
			runOnlyForDeploymentPostprocessing = 0;
		};
/* End PBXSourcesBuildPhase section */

/* Begin PBXTargetDependency section */
		08A34E8D1A0755E200B38D19 /* PBXTargetDependency */ = {
			isa = PBXTargetDependency;
			target = 08A34E751A0755E200B38D19 /* JZUIViewEx */;
			targetProxy = 08A34E8C1A0755E200B38D19 /* PBXContainerItemProxy */;
		};
/* End PBXTargetDependency section */

/* Begin PBXVariantGroup section */
		08A34E7F1A0755E200B38D19 /* Main.storyboard */ = {
			isa = PBXVariantGroup;
			children = (
				08A34E801A0755E200B38D19 /* Base */,
			);
			name = Main.storyboard;
			sourceTree = "<group>";
		};
		08A34E841A0755E200B38D19 /* LaunchScreen.xib */ = {
			isa = PBXVariantGroup;
			children = (
				08A34E851A0755E200B38D19 /* Base */,
			);
			name = LaunchScreen.xib;
			sourceTree = "<group>";
		};
/* End PBXVariantGroup section */

/* Begin XCBuildConfiguration section */
		08A34E931A0755E200B38D19 /* Debug */ = {
			isa = XCBuildConfiguration;
			buildSettings = {
				ALWAYS_SEARCH_USER_PATHS = NO;
				CLANG_CXX_LANGUAGE_STANDARD = "gnu++0x";
				CLANG_CXX_LIBRARY = "libc++";
				CLANG_ENABLE_MODULES = YES;
				CLANG_ENABLE_OBJC_ARC = YES;
				CLANG_WARN_BOOL_CONVERSION = YES;
				CLANG_WARN_CONSTANT_CONVERSION = YES;
				CLANG_WARN_DIRECT_OBJC_ISA_USAGE = YES_ERROR;
				CLANG_WARN_EMPTY_BODY = YES;
				CLANG_WARN_ENUM_CONVERSION = YES;
				CLANG_WARN_INT_CONVERSION = YES;
				CLANG_WARN_OBJC_ROOT_CLASS = YES_ERROR;
				CLANG_WARN_UNREACHABLE_CODE = YES;
				CLANG_WARN__DUPLICATE_METHOD_MATCH = YES;
				"CODE_SIGN_IDENTITY[sdk=iphoneos*]" = "iPhone Developer";
				COPY_PHASE_STRIP = NO;
				ENABLE_STRICT_OBJC_MSGSEND = YES;
				GCC_C_LANGUAGE_STANDARD = gnu99;
				GCC_DYNAMIC_NO_PIC = NO;
				GCC_OPTIMIZATION_LEVEL = 0;
				GCC_PREPROCESSOR_DEFINITIONS = (
					"DEBUG=1",
					"$(inherited)",
				);
				GCC_SYMBOLS_PRIVATE_EXTERN = NO;
				GCC_WARN_64_TO_32_BIT_CONVERSION = YES;
				GCC_WARN_ABOUT_RETURN_TYPE = YES_ERROR;
				GCC_WARN_UNDECLARED_SELECTOR = YES;
				GCC_WARN_UNINITIALIZED_AUTOS = YES_AGGRESSIVE;
				GCC_WARN_UNUSED_FUNCTION = YES;
				GCC_WARN_UNUSED_VARIABLE = YES;
				IPHONEOS_DEPLOYMENT_TARGET = 8.1;
				MTL_ENABLE_DEBUG_INFO = YES;
				ONLY_ACTIVE_ARCH = YES;
				SDKROOT = iphoneos;
				SWIFT_OPTIMIZATION_LEVEL = "-Onone";
			};
			name = Debug;
		};
		08A34E941A0755E200B38D19 /* Release */ = {
			isa = XCBuildConfiguration;
			buildSettings = {
				ALWAYS_SEARCH_USER_PATHS = NO;
				CLANG_CXX_LANGUAGE_STANDARD = "gnu++0x";
				CLANG_CXX_LIBRARY = "libc++";
				CLANG_ENABLE_MODULES = YES;
				CLANG_ENABLE_OBJC_ARC = YES;
				CLANG_WARN_BOOL_CONVERSION = YES;
				CLANG_WARN_CONSTANT_CONVERSION = YES;
				CLANG_WARN_DIRECT_OBJC_ISA_USAGE = YES_ERROR;
				CLANG_WARN_EMPTY_BODY = YES;
				CLANG_WARN_ENUM_CONVERSION = YES;
				CLANG_WARN_INT_CONVERSION = YES;
				CLANG_WARN_OBJC_ROOT_CLASS = YES_ERROR;
				CLANG_WARN_UNREACHABLE_CODE = YES;
				CLANG_WARN__DUPLICATE_METHOD_MATCH = YES;
				"CODE_SIGN_IDENTITY[sdk=iphoneos*]" = "iPhone Developer";
				COPY_PHASE_STRIP = YES;
				ENABLE_NS_ASSERTIONS = NO;
				ENABLE_STRICT_OBJC_MSGSEND = YES;
				GCC_C_LANGUAGE_STANDARD = gnu99;
				GCC_WARN_64_TO_32_BIT_CONVERSION = YES;
				GCC_WARN_ABOUT_RETURN_TYPE = YES_ERROR;
				GCC_WARN_UNDECLARED_SELECTOR = YES;
				GCC_WARN_UNINITIALIZED_AUTOS = YES_AGGRESSIVE;
				GCC_WARN_UNUSED_FUNCTION = YES;
				GCC_WARN_UNUSED_VARIABLE = YES;
				IPHONEOS_DEPLOYMENT_TARGET = 8.1;
				MTL_ENABLE_DEBUG_INFO = NO;
				SDKROOT = iphoneos;
				VALIDATE_PRODUCT = YES;
			};
			name = Release;
		};
		08A34E961A0755E200B38D19 /* Debug */ = {
			isa = XCBuildConfiguration;
			buildSettings = {
				ASSETCATALOG_COMPILER_APPICON_NAME = AppIcon;
				INFOPLIST_FILE = JZUIViewEx/Info.plist;
				LD_RUNPATH_SEARCH_PATHS = "$(inherited) @executable_path/Frameworks";
				PRODUCT_NAME = "$(TARGET_NAME)";
			};
			name = Debug;
		};
		08A34E971A0755E200B38D19 /* Release */ = {
			isa = XCBuildConfiguration;
			buildSettings = {
				ASSETCATALOG_COMPILER_APPICON_NAME = AppIcon;
				INFOPLIST_FILE = JZUIViewEx/Info.plist;
				LD_RUNPATH_SEARCH_PATHS = "$(inherited) @executable_path/Frameworks";
				PRODUCT_NAME = "$(TARGET_NAME)";
			};
			name = Release;
		};
		08A34E991A0755E200B38D19 /* Debug */ = {
			isa = XCBuildConfiguration;
			buildSettings = {
				BUNDLE_LOADER = "$(TEST_HOST)";
				FRAMEWORK_SEARCH_PATHS = (
					"$(SDKROOT)/Developer/Library/Frameworks",
					"$(inherited)",
				);
				GCC_PREPROCESSOR_DEFINITIONS = (
					"DEBUG=1",
					"$(inherited)",
				);
				INFOPLIST_FILE = JZUIViewExTests/Info.plist;
				LD_RUNPATH_SEARCH_PATHS = "$(inherited) @executable_path/Frameworks @loader_path/Frameworks";
				PRODUCT_NAME = "$(TARGET_NAME)";
				TEST_HOST = "$(BUILT_PRODUCTS_DIR)/JZUIViewEx.app/JZUIViewEx";
			};
			name = Debug;
		};
		08A34E9A1A0755E200B38D19 /* Release */ = {
			isa = XCBuildConfiguration;
			buildSettings = {
				BUNDLE_LOADER = "$(TEST_HOST)";
				FRAMEWORK_SEARCH_PATHS = (
					"$(SDKROOT)/Developer/Library/Frameworks",
					"$(inherited)",
				);
				INFOPLIST_FILE = JZUIViewExTests/Info.plist;
				LD_RUNPATH_SEARCH_PATHS = "$(inherited) @executable_path/Frameworks @loader_path/Frameworks";
				PRODUCT_NAME = "$(TARGET_NAME)";
				TEST_HOST = "$(BUILT_PRODUCTS_DIR)/JZUIViewEx.app/JZUIViewEx";
			};
			name = Release;
		};
/* End XCBuildConfiguration section */

/* Begin XCConfigurationList section */
		08A34E711A0755E200B38D19 /* Build configuration list for PBXProject "JZUIViewEx" */ = {
			isa = XCConfigurationList;
			buildConfigurations = (
				08A34E931A0755E200B38D19 /* Debug */,
				08A34E941A0755E200B38D19 /* Release */,
			);
			defaultConfigurationIsVisible = 0;
			defaultConfigurationName = Release;
		};
		08A34E951A0755E200B38D19 /* Build configuration list for PBXNativeTarget "JZUIViewEx" */ = {
			isa = XCConfigurationList;
			buildConfigurations = (
				08A34E961A0755E200B38D19 /* Debug */,
				08A34E971A0755E200B38D19 /* Release */,
			);
			defaultConfigurationIsVisible = 0;
		};
		08A34E981A0755E200B38D19 /* Build configuration list for PBXNativeTarget "JZUIViewExTests" */ = {
			isa = XCConfigurationList;
			buildConfigurations = (
				08A34E991A0755E200B38D19 /* Debug */,
				08A34E9A1A0755E200B38D19 /* Release */,
			);
			defaultConfigurationIsVisible = 0;
		};
/* End XCConfigurationList section */
	};
	rootObject = 08A34E6E1A0755E200B38D19 /* Project object */;
}
